
Microsoft Visual Studio Solution File, Format Version 12.00
# Visual Studio 15
VisualStudioVersion = 15.0.28307.645
MinimumVisualStudioVersion = 10.0.40219.1
Project("{FAE04EC0-301F-11D3-BF4B-00C04F79EFBC}") = "buoi 2 html css", "buoi 2 html css\buoi 2 html css.csproj", "{B897FFB0-7C61-4BF3-B202-A37C60BF7B61}"
EndProject
Global
	GlobalSection(SolutionConfigurationPlatforms) = preSolution
		Debug|Any CPU = Debug|Any CPU
		Release|Any CPU = Release|Any CPU
	EndGlobalSection
	GlobalSection(ProjectConfigurationPlatforms) = postSolution
		{B897FFB0-7C61-4BF3-B202-A37C60BF7B61}.Debug|Any CPU.ActiveCfg = Debug|Any CPU
		{B897FFB0-7C61-4BF3-B202-A37C60BF7B61}.Debug|Any CPU.Build.0 = Debug|Any CPU
		{B897FFB0-7C61-4BF3-B202-A37C60BF7B61}.Release|Any CPU.ActiveCfg = Release|Any CPU
		{B897FFB0-7C61-4BF3-B202-A37C60BF7B61}.Release|Any CPU.Build.0 = Release|Any CPU
	EndGlobalSection
	GlobalSection(SolutionProperties) = preSolution
		HideSolutionNode = FALSE
	EndGlobalSection
	GlobalSection(ExtensibilityGlobals) = postSolution
		SolutionGuid = {74191806-FD15-4B63-8357-98063F32721D}
	EndGlobalSection
EndGlobal
